{
    "_readme": [
        "This file locks the dependencies of your project to a known state",
        "Read more about it at https://getcomposer.org/doc/01-basic-usage.md#installing-dependencies",
        "This file is @generated automatically"
    ],
    "content-hash": "812e3b5b30bc3868fe65e148830087b6",
    "packages": [
        {
            "name": "ausus/api-runtime",
            "version": "2.0.0",
            "dist": {
                "type": "path",
                "url": "packages/api-runtime",
                "reference": "89ee8f9012e870a14d68bfd8779f35475bdfd39f"
            },
            "require": {
                "ausus/entity-engine": "^2.0",
                "ausus/kernel": "^2.0",
                "php": ">=8.3"
            },
            "type": "library",
            "extra": {
                "ausus": {
                    "layer": "L4",
                    "role": "api-runtime"
                }
            },
            "autoload": {
                "psr-4": {
                    "Ausus\\Api\\Runtime\\": "src/"
                }
            },
            "autoload-dev": {
                "psr-4": {
                    "Ausus\\Api\\Runtime\\Tests\\": "tests/"
                }
            },
            "license": [
                "MIT"
            ],
            "description": "AUSUS L4 — HTTP API Runtime. Consumes SchemaRepository / EntityEngine / RuntimeEntity only: resolve → bind → invoke/read. Never compiles, canonicalises, hashes, or loads DSL.",
            "keywords": [
                "api",
                "ausus",
                "framework",
                "http",
                "runtime"
            ],
            "transport-options": {
                "symlink": true,
                "relative": true
            }
        },
        {
            "name": "ausus/authoring",
            "version": "2.0.0",
            "dist": {
                "type": "path",
                "url": "packages/authoring",
                "reference": "9d4811ddb7d5571ba65e85cad76072178379c96d"
            },
            "require": {
                "ausus/kernel": "^2.0",
                "php": ">=8.3"
            },
            "type": "library",
            "extra": {
                "ausus": {
                    "layer": "L1",
                    "role": "authoring"
                }
            },
            "autoload": {
                "psr-4": {
                    "Ausus\\Authoring\\": "src/"
                }
            },
            "autoload-dev": {
                "psr-4": {
                    "Ausus\\Authoring\\Tests\\": "tests/"
                }
            },
            "license": [
                "MIT"
            ],
            "description": "AUSUS Authoring (L1) — closed PHP DSL producing an EE-RFC-012 EntityDefinition. EE-RFC-CLI-002/003.",
            "keywords": [
                "ausus",
                "authoring",
                "dsl",
                "framework"
            ],
            "transport-options": {
                "symlink": true,
                "relative": true
            }
        },
        {
            "name": "ausus/cli",
            "version": "2.0.0",
            "dist": {
                "type": "path",
                "url": "packages/cli",
                "reference": "7c65129967128bafe25f990c77c8e0eb4aea2292"
            },
            "require": {
                "ausus/authoring": "^2.0",
                "ausus/entity-engine": "^2.0",
                "ausus/kernel": "^2.0",
                "php": ">=8.3"
            },
            "type": "library",
            "extra": {
                "ausus": {
                    "layer": "L6",
                    "role": "cli",
                    "spec": "EE-RFC-CLI-002/003"
                }
            },
            "autoload": {
                "psr-4": {
                    "Ausus\\Cli\\": "src/"
                }
            },
            "autoload-dev": {
                "psr-4": {
                    "Ausus\\Cli\\Tests\\": "tests/"
                }
            },
            "license": [
                "MIT"
            ],
            "description": "AUSUS — CLI (L6): DSL frontend and the `ausus compile` command. Discovers closed-DSL definition files, scans them for forbidden symbols, compiles them to content-addressed EntitySchema via the Entity Engine, and persists through FileSchemaRepository. PHP-native, no container, no auto-discovery.",
            "keywords": [
                "ausus",
                "cli",
                "framework",
                "tooling"
            ],
            "transport-options": {
                "symlink": true,
                "relative": true
            }
        },
        {
            "name": "ausus/entity-engine",
            "version": "2.0.0",
            "dist": {
                "type": "path",
                "url": "packages/entity-engine",
                "reference": "570df00cde92ad3213bcd989c1f757be9f120bcc"
            },
            "require": {
                "ausus/kernel": "^2.0",
                "php": ">=8.3"
            },
            "type": "library",
            "extra": {
                "ausus": {
                    "layer": "L1",
                    "role": "entity-engine"
                }
            },
            "autoload": {
                "psr-4": {
                    "Ausus\\Engine\\": "src/"
                }
            },
            "autoload-dev": {
                "psr-4": {
                    "Ausus\\Engine\\Tests\\": "tests/"
                }
            },
            "license": [
                "MIT"
            ],
            "description": "AUSUS Entity Engine (L1) — content-addressed compile pipeline (Canonicalizer semantic normal form, Hasher, ClosureValidator) plus the bind/runtime half. EE-RFC-011 / EE-RFC-012.",
            "keywords": [
                "ausus",
                "compile",
                "entity-engine",
                "framework"
            ],
            "transport-options": {
                "symlink": true,
                "relative": true
            }
        },
        {
            "name": "ausus/kernel",
            "version": "2.0.0",
            "dist": {
                "type": "path",
                "url": "packages/kernel",
                "reference": "1ae950abf6dbe7f3030f5d14767de7247e390dc7"
            },
            "require": {
                "php": ">=8.3"
            },
            "type": "library",
            "extra": {
                "ausus": {
                    "layer": "L0",
                    "role": "kernel"
                }
            },
            "autoload": {
                "classmap": [
                    "src/"
                ]
            },
            "autoload-dev": {
                "psr-4": {
                    "Ausus\\Kernel\\Tests\\": "tests/"
                }
            },
            "license": [
                "MIT"
            ],
            "description": "AUSUS Kernel (L0) — contracts, value objects, DSL facade, and the Entity Engine model + runtime contracts (Definition / Contracts / Compiled). RFC-001 + contract surfaces of RFC-005 §2, RFC-013 §2, RFC-014 §2; EE-RFC-011 / EE-RFC-012.",
            "homepage": "https://github.com/adonko3xBitters/kernel",
            "keywords": [
                "ausus",
                "framework",
                "kernel",
                "metadata"
            ],
            "transport-options": {
                "symlink": true,
                "relative": true
            }
        },
        {
            "name": "ausus/persistence-memory",
            "version": "2.0.0",
            "dist": {
                "type": "path",
                "url": "packages/persistence-memory",
                "reference": "77d7bf67ab60ad42939061333f80cc376d896fa7"
            },
            "require": {
                "ausus/kernel": "^2.0",
                "php": ">=8.3"
            },
            "type": "library",
            "extra": {
                "ausus": {
                    "layer": "L3",
                    "role": "persistence-driver"
                }
            },
            "autoload": {
                "psr-4": {
                    "Ausus\\Persistence\\Memory\\": "src/"
                }
            },
            "autoload-dev": {
                "psr-4": {
                    "Ausus\\Persistence\\Memory\\Tests\\": "tests/"
                }
            },
            "license": [
                "MIT"
            ],
            "description": "AUSUS — in-memory PersistenceDriver (L3). Reference conformance driver for tests and the vertical slice. RFC-002.",
            "keywords": [
                "ausus",
                "driver",
                "framework",
                "memory",
                "persistence"
            ],
            "transport-options": {
                "symlink": true,
                "relative": true
            }
        },
        {
            "name": "ausus/view-system",
            "version": "2.0.0",
            "dist": {
                "type": "path",
                "url": "packages/view-system",
                "reference": "9d1f641f5421021684eaacdea4286ee905dc8475"
            },
            "require": {
                "php": ">=8.3"
            },
            "type": "library",
            "extra": {
                "ausus": {
                    "layer": "L5",
                    "role": "view-system"
                }
            },
            "autoload": {
                "psr-4": {
                    "Ausus\\View\\": "src/"
                }
            },
            "autoload-dev": {
                "psr-4": {
                    "Ausus\\View\\Tests\\": "tests/"
                }
            },
            "license": [
                "MIT"
            ],
            "description": "AUSUS L5 — View System. ViewDefinition / PageDefinition / SectionDefinition: pure presentation metadata assembled for the React Renderer. No compile, no hash, no repository.",
            "keywords": [
                "ausus",
                "framework",
                "presentation",
                "view"
            ],
            "transport-options": {
                "symlink": true,
                "relative": true
            }
        },
        {
            "name": "nyholm/psr7",
            "version": "1.8.2",
            "source": {
                "type": "git",
                "url": "https://github.com/Nyholm/psr7.git",
                "reference": "a71f2b11690f4b24d099d6b16690a90ae14fc6f3"
            },
            "dist": {
                "type": "zip",
                "url": "https://api.github.com/repos/Nyholm/psr7/zipball/a71f2b11690f4b24d099d6b16690a90ae14fc6f3",
                "reference": "a71f2b11690f4b24d099d6b16690a90ae14fc6f3",
                "shasum": ""
            },
            "require": {
                "php": ">=7.2",
                "psr/http-factory": "^1.0",
                "psr/http-message": "^1.1 || ^2.0"
            },
            "provide": {
                "php-http/message-factory-implementation": "1.0",
                "psr/http-factory-implementation": "1.0",
                "psr/http-message-implementation": "1.0"
            },
            "require-dev": {
                "http-interop/http-factory-tests": "^0.9",
                "php-http/message-factory": "^1.0",
                "php-http/psr7-integration-tests": "^1.0",
                "phpunit/phpunit": "^7.5 || ^8.5 || ^9.4",
                "symfony/error-handler": "^4.4"
            },
            "type": "library",
            "extra": {
                "branch-alias": {
                    "dev-master": "1.8-dev"
                }
            },
            "autoload": {
                "psr-4": {
                    "Nyholm\\Psr7\\": "src/"
                }
            },
            "notification-url": "https://packagist.org/downloads/",
            "license": [
                "MIT"
            ],
            "authors": [
                {
                    "name": "Tobias Nyholm",
                    "email": "tobias.nyholm@gmail.com"
                },
                {
                    "name": "Martijn van der Ven",
                    "email": "martijn@vanderven.se"
                }
            ],
            "description": "A fast PHP7 implementation of PSR-7",
            "homepage": "https://tnyholm.se",
            "keywords": [
                "psr-17",
                "psr-7"
            ],
            "support": {
                "issues": "https://github.com/Nyholm/psr7/issues",
                "source": "https://github.com/Nyholm/psr7/tree/1.8.2"
            },
            "funding": [
                {
                    "url": "https://github.com/Zegnat",
                    "type": "github"
                },
                {
                    "url": "https://github.com/nyholm",
                    "type": "github"
                }
            ],
            "time": "2024-09-09T07:06:30+00:00"
        },
        {
            "name": "nyholm/psr7-server",
            "version": "1.1.0",
            "source": {
                "type": "git",
                "url": "https://github.com/Nyholm/psr7-server.git",
                "reference": "4335801d851f554ca43fa6e7d2602141538854dc"
            },
            "dist": {
                "type": "zip",
                "url": "https://api.github.com/repos/Nyholm/psr7-server/zipball/4335801d851f554ca43fa6e7d2602141538854dc",
                "reference": "4335801d851f554ca43fa6e7d2602141538854dc",
                "shasum": ""
            },
            "require": {
                "php": "^7.1 || ^8.0",
                "psr/http-factory": "^1.0",
                "psr/http-message": "^1.0 || ^2.0"
            },
            "require-dev": {
                "nyholm/nsa": "^1.1",
                "nyholm/psr7": "^1.3",
                "phpunit/phpunit": "^7.0 || ^8.5 || ^9.3"
            },
            "type": "library",
            "autoload": {
                "psr-4": {
                    "Nyholm\\Psr7Server\\": "src/"
                }
            },
            "notification-url": "https://packagist.org/downloads/",
            "license": [
                "MIT"
            ],
            "authors": [
                {
                    "name": "Tobias Nyholm",
                    "email": "tobias.nyholm@gmail.com"
                },
                {
                    "name": "Martijn van der Ven",
                    "email": "martijn@vanderven.se"
                }
            ],
            "description": "Helper classes to handle PSR-7 server requests",
            "homepage": "http://tnyholm.se",
            "keywords": [
                "psr-17",
                "psr-7"
            ],
            "support": {
                "issues": "https://github.com/Nyholm/psr7-server/issues",
                "source": "https://github.com/Nyholm/psr7-server/tree/1.1.0"
            },
            "funding": [
                {
                    "url": "https://github.com/Zegnat",
                    "type": "github"
                },
                {
                    "url": "https://github.com/nyholm",
                    "type": "github"
                }
            ],
            "time": "2023-11-08T09:30:43+00:00"
        },
        {
            "name": "psr/http-factory",
            "version": "1.1.0",
            "source": {
                "type": "git",
                "url": "https://github.com/php-fig/http-factory.git",
                "reference": "2b4765fddfe3b508ac62f829e852b1501d3f6e8a"
            },
            "dist": {
                "type": "zip",
                "url": "https://api.github.com/repos/php-fig/http-factory/zipball/2b4765fddfe3b508ac62f829e852b1501d3f6e8a",
                "reference": "2b4765fddfe3b508ac62f829e852b1501d3f6e8a",
                "shasum": ""
            },
            "require": {
                "php": ">=7.1",
                "psr/http-message": "^1.0 || ^2.0"
            },
            "type": "library",
            "extra": {
                "branch-alias": {
                    "dev-master": "1.0.x-dev"
                }
            },
            "autoload": {
                "psr-4": {
                    "Psr\\Http\\Message\\": "src/"
                }
            },
            "notification-url": "https://packagist.org/downloads/",
            "license": [
                "MIT"
            ],
            "authors": [
                {
                    "name": "PHP-FIG",
                    "homepage": "https://www.php-fig.org/"
                }
            ],
            "description": "PSR-17: Common interfaces for PSR-7 HTTP message factories",
            "keywords": [
                "factory",
                "http",
                "message",
                "psr",
                "psr-17",
                "psr-7",
                "request",
                "response"
            ],
            "support": {
                "source": "https://github.com/php-fig/http-factory"
            },
            "time": "2024-04-15T12:06:14+00:00"
        },
        {
            "name": "psr/http-message",
            "version": "2.0",
            "source": {
                "type": "git",
                "url": "https://github.com/php-fig/http-message.git",
                "reference": "402d35bcb92c70c026d1a6a9883f06b2ead23d71"
            },
            "dist": {
                "type": "zip",
                "url": "https://api.github.com/repos/php-fig/http-message/zipball/402d35bcb92c70c026d1a6a9883f06b2ead23d71",
                "reference": "402d35bcb92c70c026d1a6a9883f06b2ead23d71",
                "shasum": ""
            },
            "require": {
                "php": "^7.2 || ^8.0"
            },
            "type": "library",
            "extra": {
                "branch-alias": {
                    "dev-master": "2.0.x-dev"
                }
            },
            "autoload": {
                "psr-4": {
                    "Psr\\Http\\Message\\": "src/"
                }
            },
            "notification-url": "https://packagist.org/downloads/",
            "license": [
                "MIT"
            ],
            "authors": [
                {
                    "name": "PHP-FIG",
                    "homepage": "https://www.php-fig.org/"
                }
            ],
            "description": "Common interface for HTTP messages",
            "homepage": "https://github.com/php-fig/http-message",
            "keywords": [
                "http",
                "http-message",
                "psr",
                "psr-7",
                "request",
                "response"
            ],
            "support": {
                "source": "https://github.com/php-fig/http-message/tree/2.0"
            },
            "time": "2023-04-04T09:54:51+00:00"
        }
    ],
    "packages-dev": [],
    "aliases": [],
    "minimum-stability": "stable",
    "stability-flags": {},
    "prefer-stable": true,
    "prefer-lowest": false,
    "platform": {
        "php": ">=8.3"
    },
    "platform-dev": {},
    "plugin-api-version": "2.9.0"
}
