{
    "_readme": [
        "This file locks the dependencies of your project to a known state",
        "Read more about it at https://getcomposer.org/doc/01-basic-usage.md#installing-dependencies",
        "This file is @generated automatically"
    ],
    "content-hash": "e86f9e7e97924e56463bca32cb276ffe",
    "packages": [
        {
            "name": "ausus/api-http",
            "version": "0.1.0",
            "dist": {
                "type": "path",
                "url": "packages/api-http",
                "reference": "caa8bff8687c219efdb197dd87ef0861cabeb12a"
            },
            "require": {
                "ausus/kernel": "0.1.*",
                "ausus/runtime-default": "0.1.*",
                "php": ">=8.3",
                "psr/http-factory": "^1.0",
                "psr/http-message": "^1.1 || ^2.0",
                "psr/http-server-handler": "^1.0",
                "psr/http-server-middleware": "^1.0"
            },
            "type": "library",
            "extra": {
                "ausus": {
                    "layer": "L4",
                    "role": "api-surface"
                }
            },
            "autoload": {
                "classmap": [
                    "src/"
                ]
            },
            "license": [
                "MIT"
            ],
            "description": "AUSUS L4 — PSR-7/15 HTTP API surface for the metadata graph. Serves RFC-004 ViewSchema fetches, Action invocation, and the kernel exception taxonomy.",
            "homepage": "https://github.com/adonko3xBitters/ausus-framework",
            "keywords": [
                "api",
                "ausus",
                "framework",
                "http",
                "psr-15",
                "psr-7"
            ],
            "transport-options": {
                "symlink": true,
                "relative": true
            }
        },
        {
            "name": "ausus/kernel",
            "version": "0.1.0",
            "dist": {
                "type": "path",
                "url": "packages/kernel",
                "reference": "7a04e4064163a7325eb56a32150882fc44ba99f6"
            },
            "require": {
                "php": ">=8.3"
            },
            "type": "library",
            "extra": {
                "ausus": {
                    "layer": "L0",
                    "role": "kernel"
                }
            },
            "autoload": {
                "classmap": [
                    "src/"
                ]
            },
            "autoload-dev": {
                "psr-4": {
                    "Ausus\\Kernel\\Tests\\": "tests/"
                }
            },
            "license": [
                "MIT"
            ],
            "description": "AUSUS Kernel — contracts, value objects, DSL facade. RFC-001 + contract surfaces of RFC-005 §2, RFC-013 §2, RFC-014 §2.",
            "homepage": "https://github.com/ausus-framework/ausus",
            "keywords": [
                "ausus",
                "framework",
                "kernel",
                "metadata"
            ],
            "transport-options": {
                "symlink": true,
                "relative": true
            }
        },
        {
            "name": "ausus/persistence-sql",
            "version": "0.1.0",
            "dist": {
                "type": "path",
                "url": "packages/persistence-sql",
                "reference": "14898d25b9ed77676079fbe4690b07a06c0c62ae"
            },
            "require": {
                "ausus/kernel": "0.1.*",
                "ext-pdo": "*",
                "php": ">=8.3"
            },
            "suggest": {
                "ext-pdo_mysql": "For MySQL deployments",
                "ext-pdo_pgsql": "For PostgreSQL deployments",
                "ext-pdo_sqlite": "Default driver for V0 smoke tests"
            },
            "type": "library",
            "extra": {
                "ausus": {
                    "layer": "L3",
                    "role": "driver"
                }
            },
            "autoload": {
                "classmap": [
                    "src/"
                ]
            },
            "autoload-dev": {
                "psr-4": {
                    "Ausus\\Persistence\\Sql\\Tests\\": "tests/"
                }
            },
            "license": [
                "MIT"
            ],
            "description": "L3 PersistenceDriver — SQL implementation of RFC-002 via PDO (SQLite/MySQL/Postgres). Includes SchemaDeriver + DatabaseAuditSink.",
            "homepage": "https://github.com/ausus-framework/ausus",
            "keywords": [
                "ausus",
                "framework",
                "pdo",
                "persistence",
                "sql"
            ],
            "transport-options": {
                "symlink": true,
                "relative": true
            }
        },
        {
            "name": "ausus/runtime-default",
            "version": "0.1.0",
            "dist": {
                "type": "path",
                "url": "packages/runtime-default",
                "reference": "46eab568eac3cb9a59721f2e0c645a36191310b4"
            },
            "require": {
                "ausus/kernel": "0.1.*",
                "php": ">=8.3"
            },
            "type": "library",
            "extra": {
                "ausus": {
                    "layer": "L2",
                    "role": "runtime"
                }
            },
            "autoload": {
                "classmap": [
                    "src/"
                ]
            },
            "autoload-dev": {
                "psr-4": {
                    "Ausus\\Runtime\\Tests\\": "tests/"
                }
            },
            "license": [
                "MIT"
            ],
            "description": "L2 Runtime — Invoker, Policy Engine, Workflow runtime, Effect dispatch. Implements RFC-005 §3–§13, RFC-006, RFC-001 §A-1.4 §8.2.1, and the de facto ActionEffect dispatch of RFC-013.",
            "homepage": "https://github.com/ausus-framework/ausus",
            "keywords": [
                "ausus",
                "framework",
                "invoker",
                "runtime",
                "workflow"
            ],
            "transport-options": {
                "symlink": true,
                "relative": true
            }
        },
        {
            "name": "ausus/standard-stack",
            "version": "0.1.0",
            "dist": {
                "type": "path",
                "url": "packages/standard-stack",
                "reference": "86d69324a8038c3dbb97fc025439ba1f9bd1063d"
            },
            "require": {
                "ausus/api-http": "0.1.*",
                "ausus/kernel": "0.1.*",
                "ausus/persistence-sql": "0.1.*",
                "ausus/runtime-default": "0.1.*",
                "php": ">=8.3"
            },
            "type": "library",
            "extra": {
                "ausus": {
                    "layer": "L5",
                    "role": "stack",
                    "v0-scope": [
                        "ausus/kernel",
                        "ausus/runtime-default",
                        "ausus/persistence-sql",
                        "ausus/api-http"
                    ]
                }
            },
            "autoload": {
                "classmap": [
                    "src/"
                ]
            },
            "license": [
                "MIT"
            ],
            "description": "AUSUS — the V0 Standard Stack: bundles kernel + persistence-sql + runtime-default + api-http and ships the high-level Ausus\\Application bootstrap facade. Skeleton packages (tenancy-row, audit-database, auth-bridge, presentation-default) will be added as their RFC-12 §16 implementations land.",
            "homepage": "https://github.com/adonko3xBitters/ausus-framework",
            "keywords": [
                "application",
                "ausus",
                "bootstrap",
                "framework",
                "stack"
            ],
            "transport-options": {
                "symlink": true,
                "relative": true
            }
        },
        {
            "name": "ausus/starter",
            "version": "0.1.0",
            "dist": {
                "type": "path",
                "url": "packages/starter",
                "reference": "182abcbe3595d29272e9c3ae8259e3b16f39d3d2"
            },
            "require": {
                "ausus/kernel": "0.1.*",
                "ausus/persistence-sql": "0.1.*",
                "ausus/runtime-default": "0.1.*",
                "ausus/standard-stack": "0.1.*",
                "ext-pdo": "*",
                "ext-pdo_sqlite": "*",
                "php": ">=8.3"
            },
            "bin": [
                "bin/boot.php"
            ],
            "type": "project",
            "extra": {
                "ausus": {
                    "layer": "L7",
                    "role": "template"
                }
            },
            "autoload": {
                "classmap": [
                    "src/"
                ]
            },
            "scripts": {
                "post-root-package-install": [
                    "@php bin/configure-repo.php"
                ],
                "post-create-project-cmd": [
                    "@php bin/boot.php"
                ],
                "boot": [
                    "@php bin/boot.php"
                ]
            },
            "license": [
                "MIT"
            ],
            "description": "AUSUS V0 starter template — boots a working HelloInvoice demo on top of the Standard Stack via Ausus\\Application. Installs via `composer create-project ausus/starter myapp`.",
            "homepage": "https://github.com/ausus-framework/ausus",
            "keywords": [
                "ausus",
                "framework",
                "scaffold",
                "starter"
            ],
            "transport-options": {
                "symlink": true,
                "relative": true
            }
        },
        {
            "name": "nyholm/psr7",
            "version": "1.8.2",
            "source": {
                "type": "git",
                "url": "https://github.com/Nyholm/psr7.git",
                "reference": "a71f2b11690f4b24d099d6b16690a90ae14fc6f3"
            },
            "dist": {
                "type": "zip",
                "url": "https://api.github.com/repos/Nyholm/psr7/zipball/a71f2b11690f4b24d099d6b16690a90ae14fc6f3",
                "reference": "a71f2b11690f4b24d099d6b16690a90ae14fc6f3",
                "shasum": ""
            },
            "require": {
                "php": ">=7.2",
                "psr/http-factory": "^1.0",
                "psr/http-message": "^1.1 || ^2.0"
            },
            "provide": {
                "php-http/message-factory-implementation": "1.0",
                "psr/http-factory-implementation": "1.0",
                "psr/http-message-implementation": "1.0"
            },
            "require-dev": {
                "http-interop/http-factory-tests": "^0.9",
                "php-http/message-factory": "^1.0",
                "php-http/psr7-integration-tests": "^1.0",
                "phpunit/phpunit": "^7.5 || ^8.5 || ^9.4",
                "symfony/error-handler": "^4.4"
            },
            "type": "library",
            "extra": {
                "branch-alias": {
                    "dev-master": "1.8-dev"
                }
            },
            "autoload": {
                "psr-4": {
                    "Nyholm\\Psr7\\": "src/"
                }
            },
            "notification-url": "https://packagist.org/downloads/",
            "license": [
                "MIT"
            ],
            "authors": [
                {
                    "name": "Tobias Nyholm",
                    "email": "tobias.nyholm@gmail.com"
                },
                {
                    "name": "Martijn van der Ven",
                    "email": "martijn@vanderven.se"
                }
            ],
            "description": "A fast PHP7 implementation of PSR-7",
            "homepage": "https://tnyholm.se",
            "keywords": [
                "psr-17",
                "psr-7"
            ],
            "support": {
                "issues": "https://github.com/Nyholm/psr7/issues",
                "source": "https://github.com/Nyholm/psr7/tree/1.8.2"
            },
            "funding": [
                {
                    "url": "https://github.com/Zegnat",
                    "type": "github"
                },
                {
                    "url": "https://github.com/nyholm",
                    "type": "github"
                }
            ],
            "time": "2024-09-09T07:06:30+00:00"
        },
        {
            "name": "nyholm/psr7-server",
            "version": "1.1.0",
            "source": {
                "type": "git",
                "url": "https://github.com/Nyholm/psr7-server.git",
                "reference": "4335801d851f554ca43fa6e7d2602141538854dc"
            },
            "dist": {
                "type": "zip",
                "url": "https://api.github.com/repos/Nyholm/psr7-server/zipball/4335801d851f554ca43fa6e7d2602141538854dc",
                "reference": "4335801d851f554ca43fa6e7d2602141538854dc",
                "shasum": ""
            },
            "require": {
                "php": "^7.1 || ^8.0",
                "psr/http-factory": "^1.0",
                "psr/http-message": "^1.0 || ^2.0"
            },
            "require-dev": {
                "nyholm/nsa": "^1.1",
                "nyholm/psr7": "^1.3",
                "phpunit/phpunit": "^7.0 || ^8.5 || ^9.3"
            },
            "type": "library",
            "autoload": {
                "psr-4": {
                    "Nyholm\\Psr7Server\\": "src/"
                }
            },
            "notification-url": "https://packagist.org/downloads/",
            "license": [
                "MIT"
            ],
            "authors": [
                {
                    "name": "Tobias Nyholm",
                    "email": "tobias.nyholm@gmail.com"
                },
                {
                    "name": "Martijn van der Ven",
                    "email": "martijn@vanderven.se"
                }
            ],
            "description": "Helper classes to handle PSR-7 server requests",
            "homepage": "http://tnyholm.se",
            "keywords": [
                "psr-17",
                "psr-7"
            ],
            "support": {
                "issues": "https://github.com/Nyholm/psr7-server/issues",
                "source": "https://github.com/Nyholm/psr7-server/tree/1.1.0"
            },
            "funding": [
                {
                    "url": "https://github.com/Zegnat",
                    "type": "github"
                },
                {
                    "url": "https://github.com/nyholm",
                    "type": "github"
                }
            ],
            "time": "2023-11-08T09:30:43+00:00"
        },
        {
            "name": "psr/http-factory",
            "version": "1.1.0",
            "source": {
                "type": "git",
                "url": "https://github.com/php-fig/http-factory.git",
                "reference": "2b4765fddfe3b508ac62f829e852b1501d3f6e8a"
            },
            "dist": {
                "type": "zip",
                "url": "https://api.github.com/repos/php-fig/http-factory/zipball/2b4765fddfe3b508ac62f829e852b1501d3f6e8a",
                "reference": "2b4765fddfe3b508ac62f829e852b1501d3f6e8a",
                "shasum": ""
            },
            "require": {
                "php": ">=7.1",
                "psr/http-message": "^1.0 || ^2.0"
            },
            "type": "library",
            "extra": {
                "branch-alias": {
                    "dev-master": "1.0.x-dev"
                }
            },
            "autoload": {
                "psr-4": {
                    "Psr\\Http\\Message\\": "src/"
                }
            },
            "notification-url": "https://packagist.org/downloads/",
            "license": [
                "MIT"
            ],
            "authors": [
                {
                    "name": "PHP-FIG",
                    "homepage": "https://www.php-fig.org/"
                }
            ],
            "description": "PSR-17: Common interfaces for PSR-7 HTTP message factories",
            "keywords": [
                "factory",
                "http",
                "message",
                "psr",
                "psr-17",
                "psr-7",
                "request",
                "response"
            ],
            "support": {
                "source": "https://github.com/php-fig/http-factory"
            },
            "time": "2024-04-15T12:06:14+00:00"
        },
        {
            "name": "psr/http-message",
            "version": "2.0",
            "source": {
                "type": "git",
                "url": "https://github.com/php-fig/http-message.git",
                "reference": "402d35bcb92c70c026d1a6a9883f06b2ead23d71"
            },
            "dist": {
                "type": "zip",
                "url": "https://api.github.com/repos/php-fig/http-message/zipball/402d35bcb92c70c026d1a6a9883f06b2ead23d71",
                "reference": "402d35bcb92c70c026d1a6a9883f06b2ead23d71",
                "shasum": ""
            },
            "require": {
                "php": "^7.2 || ^8.0"
            },
            "type": "library",
            "extra": {
                "branch-alias": {
                    "dev-master": "2.0.x-dev"
                }
            },
            "autoload": {
                "psr-4": {
                    "Psr\\Http\\Message\\": "src/"
                }
            },
            "notification-url": "https://packagist.org/downloads/",
            "license": [
                "MIT"
            ],
            "authors": [
                {
                    "name": "PHP-FIG",
                    "homepage": "https://www.php-fig.org/"
                }
            ],
            "description": "Common interface for HTTP messages",
            "homepage": "https://github.com/php-fig/http-message",
            "keywords": [
                "http",
                "http-message",
                "psr",
                "psr-7",
                "request",
                "response"
            ],
            "support": {
                "source": "https://github.com/php-fig/http-message/tree/2.0"
            },
            "time": "2023-04-04T09:54:51+00:00"
        },
        {
            "name": "psr/http-server-handler",
            "version": "1.0.2",
            "source": {
                "type": "git",
                "url": "https://github.com/php-fig/http-server-handler.git",
                "reference": "84c4fb66179be4caaf8e97bd239203245302e7d4"
            },
            "dist": {
                "type": "zip",
                "url": "https://api.github.com/repos/php-fig/http-server-handler/zipball/84c4fb66179be4caaf8e97bd239203245302e7d4",
                "reference": "84c4fb66179be4caaf8e97bd239203245302e7d4",
                "shasum": ""
            },
            "require": {
                "php": ">=7.0",
                "psr/http-message": "^1.0 || ^2.0"
            },
            "type": "library",
            "extra": {
                "branch-alias": {
                    "dev-master": "1.0.x-dev"
                }
            },
            "autoload": {
                "psr-4": {
                    "Psr\\Http\\Server\\": "src/"
                }
            },
            "notification-url": "https://packagist.org/downloads/",
            "license": [
                "MIT"
            ],
            "authors": [
                {
                    "name": "PHP-FIG",
                    "homepage": "https://www.php-fig.org/"
                }
            ],
            "description": "Common interface for HTTP server-side request handler",
            "keywords": [
                "handler",
                "http",
                "http-interop",
                "psr",
                "psr-15",
                "psr-7",
                "request",
                "response",
                "server"
            ],
            "support": {
                "source": "https://github.com/php-fig/http-server-handler/tree/1.0.2"
            },
            "time": "2023-04-10T20:06:20+00:00"
        },
        {
            "name": "psr/http-server-middleware",
            "version": "1.0.2",
            "source": {
                "type": "git",
                "url": "https://github.com/php-fig/http-server-middleware.git",
                "reference": "c1481f747daaa6a0782775cd6a8c26a1bf4a3829"
            },
            "dist": {
                "type": "zip",
                "url": "https://api.github.com/repos/php-fig/http-server-middleware/zipball/c1481f747daaa6a0782775cd6a8c26a1bf4a3829",
                "reference": "c1481f747daaa6a0782775cd6a8c26a1bf4a3829",
                "shasum": ""
            },
            "require": {
                "php": ">=7.0",
                "psr/http-message": "^1.0 || ^2.0",
                "psr/http-server-handler": "^1.0"
            },
            "type": "library",
            "extra": {
                "branch-alias": {
                    "dev-master": "1.0.x-dev"
                }
            },
            "autoload": {
                "psr-4": {
                    "Psr\\Http\\Server\\": "src/"
                }
            },
            "notification-url": "https://packagist.org/downloads/",
            "license": [
                "MIT"
            ],
            "authors": [
                {
                    "name": "PHP-FIG",
                    "homepage": "https://www.php-fig.org/"
                }
            ],
            "description": "Common interface for HTTP server-side middleware",
            "keywords": [
                "http",
                "http-interop",
                "middleware",
                "psr",
                "psr-15",
                "psr-7",
                "request",
                "response"
            ],
            "support": {
                "issues": "https://github.com/php-fig/http-server-middleware/issues",
                "source": "https://github.com/php-fig/http-server-middleware/tree/1.0.2"
            },
            "time": "2023-04-11T06:14:47+00:00"
        }
    ],
    "packages-dev": [],
    "aliases": [],
    "minimum-stability": "stable",
    "stability-flags": {},
    "prefer-stable": true,
    "prefer-lowest": false,
    "platform": {
        "php": ">=8.3"
    },
    "platform-dev": {},
    "plugin-api-version": "2.9.0"
}
